
Microsoft Visual Studio Solution File, Format Version 12.00
# Visual Studio Version 17
VisualStudioVersion = 17.6.33815.320
MinimumVisualStudioVersion = 10.0.40219.1
Project("{FAE04EC0-301F-11D3-BF4B-00C04F79EFBC}") = "Project_1", "Project_1.csproj", "{6A1DDB2E-03A9-4A0B-8E3C-C733B3F83D1E}"
EndProject
Global
	GlobalSection(SolutionConfigurationPlatforms) = preSolution
		Debug|Any CPU = Debug|Any CPU
		Release|Any CPU = Release|Any CPU
	EndGlobalSection
	GlobalSection(ProjectConfigurationPlatforms) = postSolution
		{6A1DDB2E-03A9-4A0B-8E3C-C733B3F83D1E}.Debug|Any CPU.ActiveCfg = Debug|Any CPU
		{6A1DDB2E-03A9-4A0B-8E3C-C733B3F83D1E}.Debug|Any CPU.Build.0 = Debug|Any CPU
		{6A1DDB2E-03A9-4A0B-8E3C-C733B3F83D1E}.Release|Any CPU.ActiveCfg = Release|Any CPU
		{6A1DDB2E-03A9-4A0B-8E3C-C733B3F83D1E}.Release|Any CPU.Build.0 = Release|Any CPU
	EndGlobalSection
	GlobalSection(SolutionProperties) = preSolution
		HideSolutionNode = FALSE
	EndGlobalSection
	GlobalSection(ExtensibilityGlobals) = postSolution
		SolutionGuid = {2875FAC8-C6A7-4A8E-80F0-30D4F7371D4A}
	EndGlobalSection
EndGlobal
